
Microsoft Visual Studio Solution File, Format Version 12.00
# Visual Studio Version 16
VisualStudioVersion = 16.0.30907.101
MinimumVisualStudioVersion = 10.0.40219.1
Project("{2150E333-8FDC-42A3-9474-1A3956D46DE8}") = "src", "src", "{3D553083-F8CF-4EB2-9B69-1918EAEA9735}"
EndProject
Project("{2150E333-8FDC-42A3-9474-1A3956D46DE8}") = "test", "test", "{AE99527C-7570-4245-AAA2-BEE2530980EE}"
EndProject
Project("{2150E333-8FDC-42A3-9474-1A3956D46DE8}") = "API", "API", "{10E46F71-858F-4677-A802-D6601E295C84}"
EndProject
Project("{2150E333-8FDC-42A3-9474-1A3956D46DE8}") = "Core", "Core", "{BCCB70FF-FCBE-4127-B0E8-C0E8E701D12D}"
EndProject
Project("{2150E333-8FDC-42A3-9474-1A3956D46DE8}") = "Infrastructure", "Infrastructure", "{3D2336CF-8006-46C4-9313-2CB75F772AA6}"
EndProject
Project("{2150E333-8FDC-42A3-9474-1A3956D46DE8}") = "UI", "UI", "{FF160678-9FC2-41FF-9971-90DD858AA37F}"
EndProject
Project("{9A19103F-16F7-4668-BE54-9A1E7A4F7556}") = "ADP.Solution.Infrastructure", "ADP.ADAA.Infrastructure\ADP.Solution.Infrastructure.csproj", "{89E4E72C-4269-4ED0-A2A2-0A0A6B6884C0}"
EndProject
Project("{9A19103F-16F7-4668-BE54-9A1E7A4F7556}") = "ADP.Solution.Persistence", "ADP.ADAA.Persistence\ADP.Solution.Persistence.csproj", "{15C2E653-0978-44D8-840B-2AD7F256CEF0}"
EndProject
Project("{9A19103F-16F7-4668-BE54-9A1E7A4F7556}") = "ADP.Solution.API", "ADP.ADAA.Api\ADP.Solution.API.csproj", "{844E25BD-B491-4F5D-9B1D-1948FD7CF44F}"
EndProject
Project("{9A19103F-16F7-4668-BE54-9A1E7A4F7556}") = "ADP.Solution.Identity.Domain", "ADP.ADAA.Identity\ADP.Solution.Identity.Domain.csproj", "{3869898F-D4B8-49EC-9D04-C553CA66DD4D}"
EndProject
Project("{9A19103F-16F7-4668-BE54-9A1E7A4F7556}") = "ADP.Solution.Application", "ADAA.ADAA.Application\ADP.Solution.Application.csproj", "{69D19F6F-7E41-4E08-81D4-B1121E8E4135}"
EndProject
Project("{9A19103F-16F7-4668-BE54-9A1E7A4F7556}") = "ADP.Solution.Domain", "ADAA.ADAA.Domain\ADP.Solution.Domain.csproj", "{49E28F76-B76D-43E6-9446-06D1E9DAE1AF}"
EndProject
Global
	GlobalSection(SolutionConfigurationPlatforms) = preSolution
		Debug|Any CPU = Debug|Any CPU
		Release|Any CPU = Release|Any CPU
	EndGlobalSection
	GlobalSection(ProjectConfigurationPlatforms) = postSolution
		{89E4E72C-4269-4ED0-A2A2-0A0A6B6884C0}.Debug|Any CPU.ActiveCfg = Debug|Any CPU
		{89E4E72C-4269-4ED0-A2A2-0A0A6B6884C0}.Debug|Any CPU.Build.0 = Debug|Any CPU
		{89E4E72C-4269-4ED0-A2A2-0A0A6B6884C0}.Release|Any CPU.ActiveCfg = Release|Any CPU
		{89E4E72C-4269-4ED0-A2A2-0A0A6B6884C0}.Release|Any CPU.Build.0 = Release|Any CPU
		{15C2E653-0978-44D8-840B-2AD7F256CEF0}.Debug|Any CPU.ActiveCfg = Debug|Any CPU
		{15C2E653-0978-44D8-840B-2AD7F256CEF0}.Debug|Any CPU.Build.0 = Debug|Any CPU
		{15C2E653-0978-44D8-840B-2AD7F256CEF0}.Release|Any CPU.ActiveCfg = Release|Any CPU
		{15C2E653-0978-44D8-840B-2AD7F256CEF0}.Release|Any CPU.Build.0 = Release|Any CPU
		{844E25BD-B491-4F5D-9B1D-1948FD7CF44F}.Debug|Any CPU.ActiveCfg = Debug|Any CPU
		{844E25BD-B491-4F5D-9B1D-1948FD7CF44F}.Debug|Any CPU.Build.0 = Debug|Any CPU
		{844E25BD-B491-4F5D-9B1D-1948FD7CF44F}.Release|Any CPU.ActiveCfg = Release|Any CPU
		{844E25BD-B491-4F5D-9B1D-1948FD7CF44F}.Release|Any CPU.Build.0 = Release|Any CPU
		{3869898F-D4B8-49EC-9D04-C553CA66DD4D}.Debug|Any CPU.ActiveCfg = Debug|Any CPU
		{3869898F-D4B8-49EC-9D04-C553CA66DD4D}.Debug|Any CPU.Build.0 = Debug|Any CPU
		{3869898F-D4B8-49EC-9D04-C553CA66DD4D}.Release|Any CPU.ActiveCfg = Release|Any CPU
		{3869898F-D4B8-49EC-9D04-C553CA66DD4D}.Release|Any CPU.Build.0 = Release|Any CPU
		{69D19F6F-7E41-4E08-81D4-B1121E8E4135}.Debug|Any CPU.ActiveCfg = Debug|Any CPU
		{69D19F6F-7E41-4E08-81D4-B1121E8E4135}.Debug|Any CPU.Build.0 = Debug|Any CPU
		{69D19F6F-7E41-4E08-81D4-B1121E8E4135}.Release|Any CPU.ActiveCfg = Release|Any CPU
		{69D19F6F-7E41-4E08-81D4-B1121E8E4135}.Release|Any CPU.Build.0 = Release|Any CPU
		{49E28F76-B76D-43E6-9446-06D1E9DAE1AF}.Debug|Any CPU.ActiveCfg = Debug|Any CPU
		{49E28F76-B76D-43E6-9446-06D1E9DAE1AF}.Debug|Any CPU.Build.0 = Debug|Any CPU
		{49E28F76-B76D-43E6-9446-06D1E9DAE1AF}.Release|Any CPU.ActiveCfg = Release|Any CPU
		{49E28F76-B76D-43E6-9446-06D1E9DAE1AF}.Release|Any CPU.Build.0 = Release|Any CPU
	EndGlobalSection
	GlobalSection(SolutionProperties) = preSolution
		HideSolutionNode = FALSE
	EndGlobalSection
	GlobalSection(NestedProjects) = preSolution
		{10E46F71-858F-4677-A802-D6601E295C84} = {3D553083-F8CF-4EB2-9B69-1918EAEA9735}
		{BCCB70FF-FCBE-4127-B0E8-C0E8E701D12D} = {3D553083-F8CF-4EB2-9B69-1918EAEA9735}
		{3D2336CF-8006-46C4-9313-2CB75F772AA6} = {3D553083-F8CF-4EB2-9B69-1918EAEA9735}
		{FF160678-9FC2-41FF-9971-90DD858AA37F} = {3D553083-F8CF-4EB2-9B69-1918EAEA9735}
		{89E4E72C-4269-4ED0-A2A2-0A0A6B6884C0} = {3D2336CF-8006-46C4-9313-2CB75F772AA6}
		{15C2E653-0978-44D8-840B-2AD7F256CEF0} = {3D2336CF-8006-46C4-9313-2CB75F772AA6}
		{844E25BD-B491-4F5D-9B1D-1948FD7CF44F} = {10E46F71-858F-4677-A802-D6601E295C84}
		{3869898F-D4B8-49EC-9D04-C553CA66DD4D} = {3D2336CF-8006-46C4-9313-2CB75F772AA6}
		{69D19F6F-7E41-4E08-81D4-B1121E8E4135} = {BCCB70FF-FCBE-4127-B0E8-C0E8E701D12D}
		{49E28F76-B76D-43E6-9446-06D1E9DAE1AF} = {BCCB70FF-FCBE-4127-B0E8-C0E8E701D12D}
	EndGlobalSection
	GlobalSection(ExtensibilityGlobals) = postSolution
		SolutionGuid = {E4854340-00C9-4998-B6E6-5D3459081213}
	EndGlobalSection
EndGlobal
